
Microsoft Visual Studio Solution File, Format Version 12.00
# Visual Studio Version 17
VisualStudioVersion = 17.14.36623.8 d17.14
MinimumVisualStudioVersion = 10.0.40219.1
Project("{FAE04EC0-301F-11D3-BF4B-00C04F79EFBC}") = "Inclass_5_152120231167_152120241075_Group5", "Inclass_5_152120231167_152120241075_Group5.csproj", "{074E2741-1066-42D7-B66E-F66DC6EF06A8}"
EndProject
Global
	GlobalSection(SolutionConfigurationPlatforms) = preSolution
		Debug|Any CPU = Debug|Any CPU
		Release|Any CPU = Release|Any CPU
	EndGlobalSection
	GlobalSection(ProjectConfigurationPlatforms) = postSolution
		{074E2741-1066-42D7-B66E-F66DC6EF06A8}.Debug|Any CPU.ActiveCfg = Debug|Any CPU
		{074E2741-1066-42D7-B66E-F66DC6EF06A8}.Debug|Any CPU.Build.0 = Debug|Any CPU
		{074E2741-1066-42D7-B66E-F66DC6EF06A8}.Release|Any CPU.ActiveCfg = Release|Any CPU
		{074E2741-1066-42D7-B66E-F66DC6EF06A8}.Release|Any CPU.Build.0 = Release|Any CPU
	EndGlobalSection
	GlobalSection(SolutionProperties) = preSolution
		HideSolutionNode = FALSE
	EndGlobalSection
	GlobalSection(ExtensibilityGlobals) = postSolution
		SolutionGuid = {E3E5F6BD-F27D-4BE1-A376-0C7E7A0959E2}
	EndGlobalSection
EndGlobal
